{
    "name": "minity",
    "version": "1.0.0",
    "lockfileVersion": 2,
    "requires": true,
    "packages": {
        "": {
            "name": "minity",
            "version": "1.0.0",
            "dependencies": {
                "@minity/parser": "file:../mclang-parser"
            },
            "engines": {
                "vscode": "^1.59.0"
            }
        },
        "../mclang-parser": {
            "version": "1.0.0",
            "license": "ISC",
            "dependencies": {
                "merge-anything": "^4.0.1"
            },
            "devDependencies": {
                "peggy": "^1.2.0"
            }
        },
        "../minity": {
            "name": "@minity/minity",
            "version": "1.0.0",
            "extraneous": true,
            "license": "ISC",
            "dependencies": {
                "chokidar": "^3.5.2",
                "inquirer": "^8.2.0",
                "merge": "^2.1.1",
                "merge-anything": "^4.0.1",
                "minimist": "^1.2.5",
                "node-watch": "^0.7.2",
                "peggy": "^1.2.0"
            },
            "bin": {
                "minity": "node bin/index.js"
            }
        },
        "node_modules/@minity/parser": {
            "resolved": "../mclang-parser",
            "link": true
        }
    },
    "dependencies": {
        "@minity/parser": {
            "version": "file:../mclang-parser",
            "requires": {
                "merge-anything": "^4.0.1",
                "peggy": "^1.2.0"
            }
        }
    }
}
