{
    "name": "mclang",
    "version": "1.0.0",
    "lockfileVersion": 2,
    "requires": true,
    "packages": {
        "": {
            "name": "mclang",
            "version": "1.0.0",
            "dependencies": {
                "@mclang/mclang": "file:../mclang"
            },
            "engines": {
                "vscode": "^1.59.0"
            }
        },
        "../mclang": {
            "name": "@mclang/mclang",
            "version": "1.0.0",
            "license": "ISC",
            "dependencies": {
                "merge": "^2.1.1",
                "merge-anything": "^4.0.1",
                "optant": "^2.0.0",
                "parcel": "*",
                "peggy": "^1.2.0"
            },
            "bin": {
                "mclang": "bin/index.js"
            }
        },
        "node_modules/@mclang/mclang": {
            "resolved": "../mclang",
            "link": true
        }
    },
    "dependencies": {
        "@mclang/mclang": {
            "version": "file:../mclang",
            "requires": {
                "merge": "^2.1.1",
                "merge-anything": "^4.0.1",
                "optant": "^2.0.0",
                "parcel": "*",
                "peggy": "^1.2.0"
            }
        }
    }
}
